github.com/elazarl/goproxy v0.0.0-20221015165544-a0805db90819 h1:RIB4cRk+lBqKK3Oy0r2gRX4ui7tuhiZq2SuTtTCi0/0=
github.com/elazarl/goproxy v0.0.0-20221015165544-a0805db90819/go.mod h1:Ro8st/ElPeALwNFlcTpWmkr6IoMFfkjXAvTHpevnDsM=
github.com/elazarl/goproxy/ext v0.0.0-20190711103511-473e67f1d7d2/go.mod h1:gNh8nYJoAm43RfaxurUnxr+N1PwuFV3ZMl/efxlIlY8=
github.com/elazarl/goproxy/ext v0.0.0-20221015165544-a0805db90819 h1:PBc3oUutXxwCibSLQCmpunGvruDnoS6kdnaL7a0xwKY=
github.com/elazarl/goproxy/ext v0.0.0-20221015165544-a0805db90819/go.mod h1:gNh8nYJoAm43RfaxurUnxr+N1PwuFV3ZMl/efxlIlY8=
github.com/google/uuid v1.5.0 h1:1p67kYwdtXjb0gL0BPiP1Av9wiZPo5A8z2cWkTZ+eyU=
github.com/google/uuid v1.5.0/go.mod h1:TIyPZe4MgqvfeYDBFedMoGGpEw/LqOeaOT+nhxU+yHo=
github.com/rogpeppe/go-charset v0.0.0-20180617210344-2471d30d28b4/go.mod h1:qgYeAmZ5ZIpBWTGllZSQnw97Dj+woV0toclVaRGI8pc=
gopkg.in/elazarl/goproxy.v1 v1.0.0-20180725130230-947c36da3153 h1:i2sumy6EgvN2dbX7HPhoDc7hLyoym3OYdU5HlvUUrpE=
gopkg.in/elazarl/goproxy.v1 v1.0.0-20180725130230-947c36da3153/go.mod h1:xzjpkyedLMz3EXUTBbkRuuGPsxfsBX3Sy7J6kC9Gvoc=
